
Microsoft Visual Studio Solution File, Format Version 12.00
# Visual Studio Version 17
VisualStudioVersion = 17.0.31903.59
MinimumVisualStudioVersion = 10.0.40219.1
Project("{2150E333-8FDC-42A3-9474-1A3956D46DE8}") = "src", "src", "{827E0CD3-B72D-47B6-A68D-7590B98EB39B}"
EndProject
Project("{2150E333-8FDC-42A3-9474-1A3956D46DE8}") = "Domain", "Domain", "{8B290487-4C16-E85E-E807-F579CBE9FC4D}"
EndProject
Project("{FAE04EC0-301F-11D3-BF4B-00C04F79EFBC}") = "ConvivenciaPix.Domain", "src\Domain\ConvivenciaPix.Domain.csproj", "{D7E1831B-5D9E-4B10-9488-4087B85AE925}"
EndProject
Project("{2150E333-8FDC-42A3-9474-1A3956D46DE8}") = "Application", "Application", "{22BAF98C-8415-17C4-B26A-D537657BC863}"
EndProject
Project("{FAE04EC0-301F-11D3-BF4B-00C04F79EFBC}") = "ConvivenciaPix.Application", "src\Application\ConvivenciaPix.Application.csproj", "{FEC2DC1B-FC8D-4B7C-8935-38AA8A3EA8C6}"
EndProject
Project("{2150E333-8FDC-42A3-9474-1A3956D46DE8}") = "Infrastructure", "Infrastructure", "{9048EB7F-3875-A59E-E36B-5BD4C6F2A282}"
EndProject
Project("{FAE04EC0-301F-11D3-BF4B-00C04F79EFBC}") = "ConvivenciaPix.Infrastructure", "src\Infrastructure\ConvivenciaPix.Infrastructure.csproj", "{DE157543-08BC-4EEF-8800-A4872DA793EC}"
EndProject
Project("{2150E333-8FDC-42A3-9474-1A3956D46DE8}") = "SpiProxyApi", "SpiProxyApi", "{0C88F17D-ED48-7959-C736-E987E2461F79}"
EndProject
Project("{FAE04EC0-301F-11D3-BF4B-00C04F79EFBC}") = "ConvivenciaPix.SpiProxyApi", "src\SpiProxyApi\ConvivenciaPix.SpiProxyApi.csproj", "{FACDED02-E915-4F95-B9DC-F3C2516C7D21}"
EndProject
Project("{2150E333-8FDC-42A3-9474-1A3956D46DE8}") = "SpiCorrelateWorker", "SpiCorrelateWorker", "{A87B1754-3EB5-724E-0E83-3AF0FCA3FC90}"
EndProject
Project("{FAE04EC0-301F-11D3-BF4B-00C04F79EFBC}") = "ConvivenciaPix.SpiCorrelateWorker", "src\SpiCorrelateWorker\ConvivenciaPix.SpiCorrelateWorker.csproj", "{B1196D9B-9609-4432-8E94-56F63BAEEBBC}"
EndProject
Project("{2150E333-8FDC-42A3-9474-1A3956D46DE8}") = "SpiProxyWorker", "SpiProxyWorker", "{2E9F0B7B-B95B-3B99-6C0A-0191EF7FCFD5}"
EndProject
Project("{FAE04EC0-301F-11D3-BF4B-00C04F79EFBC}") = "ConvivenciaPix.SpiProxyWorker", "src\SpiProxyWorker\ConvivenciaPix.SpiProxyWorker.csproj", "{861C1D39-247D-481E-A6AB-43D528E94982}"
EndProject
Project("{2150E333-8FDC-42A3-9474-1A3956D46DE8}") = "SpiComparisonEngine", "SpiComparisonEngine", "{2FC44C51-A911-D4EE-1355-628051578DA6}"
EndProject
Project("{FAE04EC0-301F-11D3-BF4B-00C04F79EFBC}") = "ConvivenciaPix.SpiComparisonEngine", "src\SpiComparisonEngine\ConvivenciaPix.SpiComparisonEngine.csproj", "{9244EFD5-0A32-4F27-93BF-F9A14244D7CE}"
EndProject
Project("{2150E333-8FDC-42A3-9474-1A3956D46DE8}") = "tests", "tests", "{0AB3BF05-4346-4AA6-1389-037BE0695223}"
EndProject
Project("{FAE04EC0-301F-11D3-BF4B-00C04F79EFBC}") = "ConvivenciaPix.Domain.Tests", "tests\ConvivenciaPix.Domain.Tests\ConvivenciaPix.Domain.Tests.csproj", "{0F701B90-1453-4D94-826D-FDE4907C35AF}"
EndProject
Project("{FAE04EC0-301F-11D3-BF4B-00C04F79EFBC}") = "ConvivenciaPix.Application.Tests", "tests\ConvivenciaPix.Application.Tests\ConvivenciaPix.Application.Tests.csproj", "{1D3823B5-AE0C-4378-801F-48C8A0199B1A}"
EndProject
Project("{FAE04EC0-301F-11D3-BF4B-00C04F79EFBC}") = "ConvivenciaPix.Infrastructure.Tests", "tests\ConvivenciaPix.Infrastructure.Tests\ConvivenciaPix.Infrastructure.Tests.csproj", "{A4561464-9728-41B1-BDA0-8F03A7BB9D76}"
EndProject
Project("{FAE04EC0-301F-11D3-BF4B-00C04F79EFBC}") = "ConvivenciaPix.Integration.Tests", "tests\ConvivenciaPix.Integration.Tests\ConvivenciaPix.Integration.Tests.csproj", "{450E0622-BD54-4E79-ACF4-DFF6E86286D4}"
EndProject
Global
	GlobalSection(SolutionConfigurationPlatforms) = preSolution
		Debug|Any CPU = Debug|Any CPU
		Debug|x64 = Debug|x64
		Debug|x86 = Debug|x86
		Release|Any CPU = Release|Any CPU
		Release|x64 = Release|x64
		Release|x86 = Release|x86
	EndGlobalSection
	GlobalSection(ProjectConfigurationPlatforms) = postSolution
		{D7E1831B-5D9E-4B10-9488-4087B85AE925}.Debug|Any CPU.ActiveCfg = Debug|Any CPU
		{D7E1831B-5D9E-4B10-9488-4087B85AE925}.Debug|Any CPU.Build.0 = Debug|Any CPU
		{D7E1831B-5D9E-4B10-9488-4087B85AE925}.Debug|x64.ActiveCfg = Debug|Any CPU
		{D7E1831B-5D9E-4B10-9488-4087B85AE925}.Debug|x64.Build.0 = Debug|Any CPU
		{D7E1831B-5D9E-4B10-9488-4087B85AE925}.Debug|x86.ActiveCfg = Debug|Any CPU
		{D7E1831B-5D9E-4B10-9488-4087B85AE925}.Debug|x86.Build.0 = Debug|Any CPU
		{D7E1831B-5D9E-4B10-9488-4087B85AE925}.Release|Any CPU.ActiveCfg = Release|Any CPU
		{D7E1831B-5D9E-4B10-9488-4087B85AE925}.Release|Any CPU.Build.0 = Release|Any CPU
		{D7E1831B-5D9E-4B10-9488-4087B85AE925}.Release|x64.ActiveCfg = Release|Any CPU
		{D7E1831B-5D9E-4B10-9488-4087B85AE925}.Release|x64.Build.0 = Release|Any CPU
		{D7E1831B-5D9E-4B10-9488-4087B85AE925}.Release|x86.ActiveCfg = Release|Any CPU
		{D7E1831B-5D9E-4B10-9488-4087B85AE925}.Release|x86.Build.0 = Release|Any CPU
		{FEC2DC1B-FC8D-4B7C-8935-38AA8A3EA8C6}.Debug|Any CPU.ActiveCfg = Debug|Any CPU
		{FEC2DC1B-FC8D-4B7C-8935-38AA8A3EA8C6}.Debug|Any CPU.Build.0 = Debug|Any CPU
		{FEC2DC1B-FC8D-4B7C-8935-38AA8A3EA8C6}.Debug|x64.ActiveCfg = Debug|Any CPU
		{FEC2DC1B-FC8D-4B7C-8935-38AA8A3EA8C6}.Debug|x64.Build.0 = Debug|Any CPU
		{FEC2DC1B-FC8D-4B7C-8935-38AA8A3EA8C6}.Debug|x86.ActiveCfg = Debug|Any CPU
		{FEC2DC1B-FC8D-4B7C-8935-38AA8A3EA8C6}.Debug|x86.Build.0 = Debug|Any CPU
		{FEC2DC1B-FC8D-4B7C-8935-38AA8A3EA8C6}.Release|Any CPU.ActiveCfg = Release|Any CPU
		{FEC2DC1B-FC8D-4B7C-8935-38AA8A3EA8C6}.Release|Any CPU.Build.0 = Release|Any CPU
		{FEC2DC1B-FC8D-4B7C-8935-38AA8A3EA8C6}.Release|x64.ActiveCfg = Release|Any CPU
		{FEC2DC1B-FC8D-4B7C-8935-38AA8A3EA8C6}.Release|x64.Build.0 = Release|Any CPU
		{FEC2DC1B-FC8D-4B7C-8935-38AA8A3EA8C6}.Release|x86.ActiveCfg = Release|Any CPU
		{FEC2DC1B-FC8D-4B7C-8935-38AA8A3EA8C6}.Release|x86.Build.0 = Release|Any CPU
		{DE157543-08BC-4EEF-8800-A4872DA793EC}.Debug|Any CPU.ActiveCfg = Debug|Any CPU
		{DE157543-08BC-4EEF-8800-A4872DA793EC}.Debug|Any CPU.Build.0 = Debug|Any CPU
		{DE157543-08BC-4EEF-8800-A4872DA793EC}.Debug|x64.ActiveCfg = Debug|Any CPU
		{DE157543-08BC-4EEF-8800-A4872DA793EC}.Debug|x64.Build.0 = Debug|Any CPU
		{DE157543-08BC-4EEF-8800-A4872DA793EC}.Debug|x86.ActiveCfg = Debug|Any CPU
		{DE157543-08BC-4EEF-8800-A4872DA793EC}.Debug|x86.Build.0 = Debug|Any CPU
		{DE157543-08BC-4EEF-8800-A4872DA793EC}.Release|Any CPU.ActiveCfg = Release|Any CPU
		{DE157543-08BC-4EEF-8800-A4872DA793EC}.Release|Any CPU.Build.0 = Release|Any CPU
		{DE157543-08BC-4EEF-8800-A4872DA793EC}.Release|x64.ActiveCfg = Release|Any CPU
		{DE157543-08BC-4EEF-8800-A4872DA793EC}.Release|x64.Build.0 = Release|Any CPU
		{DE157543-08BC-4EEF-8800-A4872DA793EC}.Release|x86.ActiveCfg = Release|Any CPU
		{DE157543-08BC-4EEF-8800-A4872DA793EC}.Release|x86.Build.0 = Release|Any CPU
		{FACDED02-E915-4F95-B9DC-F3C2516C7D21}.Debug|Any CPU.ActiveCfg = Debug|Any CPU
		{FACDED02-E915-4F95-B9DC-F3C2516C7D21}.Debug|Any CPU.Build.0 = Debug|Any CPU
		{FACDED02-E915-4F95-B9DC-F3C2516C7D21}.Debug|x64.ActiveCfg = Debug|Any CPU
		{FACDED02-E915-4F95-B9DC-F3C2516C7D21}.Debug|x64.Build.0 = Debug|Any CPU
		{FACDED02-E915-4F95-B9DC-F3C2516C7D21}.Debug|x86.ActiveCfg = Debug|Any CPU
		{FACDED02-E915-4F95-B9DC-F3C2516C7D21}.Debug|x86.Build.0 = Debug|Any CPU
		{FACDED02-E915-4F95-B9DC-F3C2516C7D21}.Release|Any CPU.ActiveCfg = Release|Any CPU
		{FACDED02-E915-4F95-B9DC-F3C2516C7D21}.Release|Any CPU.Build.0 = Release|Any CPU
		{FACDED02-E915-4F95-B9DC-F3C2516C7D21}.Release|x64.ActiveCfg = Release|Any CPU
		{FACDED02-E915-4F95-B9DC-F3C2516C7D21}.Release|x64.Build.0 = Release|Any CPU
		{FACDED02-E915-4F95-B9DC-F3C2516C7D21}.Release|x86.ActiveCfg = Release|Any CPU
		{FACDED02-E915-4F95-B9DC-F3C2516C7D21}.Release|x86.Build.0 = Release|Any CPU
		{B1196D9B-9609-4432-8E94-56F63BAEEBBC}.Debug|Any CPU.ActiveCfg = Debug|Any CPU
		{B1196D9B-9609-4432-8E94-56F63BAEEBBC}.Debug|Any CPU.Build.0 = Debug|Any CPU
		{B1196D9B-9609-4432-8E94-56F63BAEEBBC}.Debug|x64.ActiveCfg = Debug|Any CPU
		{B1196D9B-9609-4432-8E94-56F63BAEEBBC}.Debug|x64.Build.0 = Debug|Any CPU
		{B1196D9B-9609-4432-8E94-56F63BAEEBBC}.Debug|x86.ActiveCfg = Debug|Any CPU
		{B1196D9B-9609-4432-8E94-56F63BAEEBBC}.Debug|x86.Build.0 = Debug|Any CPU
		{B1196D9B-9609-4432-8E94-56F63BAEEBBC}.Release|Any CPU.ActiveCfg = Release|Any CPU
		{B1196D9B-9609-4432-8E94-56F63BAEEBBC}.Release|Any CPU.Build.0 = Release|Any CPU
		{B1196D9B-9609-4432-8E94-56F63BAEEBBC}.Release|x64.ActiveCfg = Release|Any CPU
		{B1196D9B-9609-4432-8E94-56F63BAEEBBC}.Release|x64.Build.0 = Release|Any CPU
		{B1196D9B-9609-4432-8E94-56F63BAEEBBC}.Release|x86.ActiveCfg = Release|Any CPU
		{B1196D9B-9609-4432-8E94-56F63BAEEBBC}.Release|x86.Build.0 = Release|Any CPU
		{861C1D39-247D-481E-A6AB-43D528E94982}.Debug|Any CPU.ActiveCfg = Debug|Any CPU
		{861C1D39-247D-481E-A6AB-43D528E94982}.Debug|Any CPU.Build.0 = Debug|Any CPU
		{861C1D39-247D-481E-A6AB-43D528E94982}.Debug|x64.ActiveCfg = Debug|Any CPU
		{861C1D39-247D-481E-A6AB-43D528E94982}.Debug|x64.Build.0 = Debug|Any CPU
		{861C1D39-247D-481E-A6AB-43D528E94982}.Debug|x86.ActiveCfg = Debug|Any CPU
		{861C1D39-247D-481E-A6AB-43D528E94982}.Debug|x86.Build.0 = Debug|Any CPU
		{861C1D39-247D-481E-A6AB-43D528E94982}.Release|Any CPU.ActiveCfg = Release|Any CPU
		{861C1D39-247D-481E-A6AB-43D528E94982}.Release|Any CPU.Build.0 = Release|Any CPU
		{861C1D39-247D-481E-A6AB-43D528E94982}.Release|x64.ActiveCfg = Release|Any CPU
		{861C1D39-247D-481E-A6AB-43D528E94982}.Release|x64.Build.0 = Release|Any CPU
		{861C1D39-247D-481E-A6AB-43D528E94982}.Release|x86.ActiveCfg = Release|Any CPU
		{861C1D39-247D-481E-A6AB-43D528E94982}.Release|x86.Build.0 = Release|Any CPU
		{9244EFD5-0A32-4F27-93BF-F9A14244D7CE}.Debug|Any CPU.ActiveCfg = Debug|Any CPU
		{9244EFD5-0A32-4F27-93BF-F9A14244D7CE}.Debug|Any CPU.Build.0 = Debug|Any CPU
		{9244EFD5-0A32-4F27-93BF-F9A14244D7CE}.Debug|x64.ActiveCfg = Debug|Any CPU
		{9244EFD5-0A32-4F27-93BF-F9A14244D7CE}.Debug|x64.Build.0 = Debug|Any CPU
		{9244EFD5-0A32-4F27-93BF-F9A14244D7CE}.Debug|x86.ActiveCfg = Debug|Any CPU
		{9244EFD5-0A32-4F27-93BF-F9A14244D7CE}.Debug|x86.Build.0 = Debug|Any CPU
		{9244EFD5-0A32-4F27-93BF-F9A14244D7CE}.Release|Any CPU.ActiveCfg = Release|Any CPU
		{9244EFD5-0A32-4F27-93BF-F9A14244D7CE}.Release|Any CPU.Build.0 = Release|Any CPU
		{9244EFD5-0A32-4F27-93BF-F9A14244D7CE}.Release|x64.ActiveCfg = Release|Any CPU
		{9244EFD5-0A32-4F27-93BF-F9A14244D7CE}.Release|x64.Build.0 = Release|Any CPU
		{9244EFD5-0A32-4F27-93BF-F9A14244D7CE}.Release|x86.ActiveCfg = Release|Any CPU
		{9244EFD5-0A32-4F27-93BF-F9A14244D7CE}.Release|x86.Build.0 = Release|Any CPU
		{0F701B90-1453-4D94-826D-FDE4907C35AF}.Debug|Any CPU.ActiveCfg = Debug|Any CPU
		{0F701B90-1453-4D94-826D-FDE4907C35AF}.Debug|Any CPU.Build.0 = Debug|Any CPU
		{0F701B90-1453-4D94-826D-FDE4907C35AF}.Debug|x64.ActiveCfg = Debug|Any CPU
		{0F701B90-1453-4D94-826D-FDE4907C35AF}.Debug|x64.Build.0 = Debug|Any CPU
		{0F701B90-1453-4D94-826D-FDE4907C35AF}.Debug|x86.ActiveCfg = Debug|Any CPU
		{0F701B90-1453-4D94-826D-FDE4907C35AF}.Debug|x86.Build.0 = Debug|Any CPU
		{0F701B90-1453-4D94-826D-FDE4907C35AF}.Release|Any CPU.ActiveCfg = Release|Any CPU
		{0F701B90-1453-4D94-826D-FDE4907C35AF}.Release|Any CPU.Build.0 = Release|Any CPU
		{0F701B90-1453-4D94-826D-FDE4907C35AF}.Release|x64.ActiveCfg = Release|Any CPU
		{0F701B90-1453-4D94-826D-FDE4907C35AF}.Release|x64.Build.0 = Release|Any CPU
		{0F701B90-1453-4D94-826D-FDE4907C35AF}.Release|x86.ActiveCfg = Release|Any CPU
		{0F701B90-1453-4D94-826D-FDE4907C35AF}.Release|x86.Build.0 = Release|Any CPU
		{1D3823B5-AE0C-4378-801F-48C8A0199B1A}.Debug|Any CPU.ActiveCfg = Debug|Any CPU
		{1D3823B5-AE0C-4378-801F-48C8A0199B1A}.Debug|Any CPU.Build.0 = Debug|Any CPU
		{1D3823B5-AE0C-4378-801F-48C8A0199B1A}.Debug|x64.ActiveCfg = Debug|Any CPU
		{1D3823B5-AE0C-4378-801F-48C8A0199B1A}.Debug|x64.Build.0 = Debug|Any CPU
		{1D3823B5-AE0C-4378-801F-48C8A0199B1A}.Debug|x86.ActiveCfg = Debug|Any CPU
		{1D3823B5-AE0C-4378-801F-48C8A0199B1A}.Debug|x86.Build.0 = Debug|Any CPU
		{1D3823B5-AE0C-4378-801F-48C8A0199B1A}.Release|Any CPU.ActiveCfg = Release|Any CPU
		{1D3823B5-AE0C-4378-801F-48C8A0199B1A}.Release|Any CPU.Build.0 = Release|Any CPU
		{1D3823B5-AE0C-4378-801F-48C8A0199B1A}.Release|x64.ActiveCfg = Release|Any CPU
		{1D3823B5-AE0C-4378-801F-48C8A0199B1A}.Release|x64.Build.0 = Release|Any CPU
		{1D3823B5-AE0C-4378-801F-48C8A0199B1A}.Release|x86.ActiveCfg = Release|Any CPU
		{1D3823B5-AE0C-4378-801F-48C8A0199B1A}.Release|x86.Build.0 = Release|Any CPU
		{A4561464-9728-41B1-BDA0-8F03A7BB9D76}.Debug|Any CPU.ActiveCfg = Debug|Any CPU
		{A4561464-9728-41B1-BDA0-8F03A7BB9D76}.Debug|Any CPU.Build.0 = Debug|Any CPU
		{A4561464-9728-41B1-BDA0-8F03A7BB9D76}.Debug|x64.ActiveCfg = Debug|Any CPU
		{A4561464-9728-41B1-BDA0-8F03A7BB9D76}.Debug|x64.Build.0 = Debug|Any CPU
		{A4561464-9728-41B1-BDA0-8F03A7BB9D76}.Debug|x86.ActiveCfg = Debug|Any CPU
		{A4561464-9728-41B1-BDA0-8F03A7BB9D76}.Debug|x86.Build.0 = Debug|Any CPU
		{A4561464-9728-41B1-BDA0-8F03A7BB9D76}.Release|Any CPU.ActiveCfg = Release|Any CPU
		{A4561464-9728-41B1-BDA0-8F03A7BB9D76}.Release|Any CPU.Build.0 = Release|Any CPU
		{A4561464-9728-41B1-BDA0-8F03A7BB9D76}.Release|x64.ActiveCfg = Release|Any CPU
		{A4561464-9728-41B1-BDA0-8F03A7BB9D76}.Release|x64.Build.0 = Release|Any CPU
		{A4561464-9728-41B1-BDA0-8F03A7BB9D76}.Release|x86.ActiveCfg = Release|Any CPU
		{A4561464-9728-41B1-BDA0-8F03A7BB9D76}.Release|x86.Build.0 = Release|Any CPU
		{450E0622-BD54-4E79-ACF4-DFF6E86286D4}.Debug|Any CPU.ActiveCfg = Debug|Any CPU
		{450E0622-BD54-4E79-ACF4-DFF6E86286D4}.Debug|Any CPU.Build.0 = Debug|Any CPU
		{450E0622-BD54-4E79-ACF4-DFF6E86286D4}.Debug|x64.ActiveCfg = Debug|Any CPU
		{450E0622-BD54-4E79-ACF4-DFF6E86286D4}.Debug|x64.Build.0 = Debug|Any CPU
		{450E0622-BD54-4E79-ACF4-DFF6E86286D4}.Debug|x86.ActiveCfg = Debug|Any CPU
		{450E0622-BD54-4E79-ACF4-DFF6E86286D4}.Debug|x86.Build.0 = Debug|Any CPU
		{450E0622-BD54-4E79-ACF4-DFF6E86286D4}.Release|Any CPU.ActiveCfg = Release|Any CPU
		{450E0622-BD54-4E79-ACF4-DFF6E86286D4}.Release|Any CPU.Build.0 = Release|Any CPU
		{450E0622-BD54-4E79-ACF4-DFF6E86286D4}.Release|x64.ActiveCfg = Release|Any CPU
		{450E0622-BD54-4E79-ACF4-DFF6E86286D4}.Release|x64.Build.0 = Release|Any CPU
		{450E0622-BD54-4E79-ACF4-DFF6E86286D4}.Release|x86.ActiveCfg = Release|Any CPU
		{450E0622-BD54-4E79-ACF4-DFF6E86286D4}.Release|x86.Build.0 = Release|Any CPU
	EndGlobalSection
	GlobalSection(SolutionProperties) = preSolution
		HideSolutionNode = FALSE
	EndGlobalSection
	GlobalSection(NestedProjects) = preSolution
		{8B290487-4C16-E85E-E807-F579CBE9FC4D} = {827E0CD3-B72D-47B6-A68D-7590B98EB39B}
		{D7E1831B-5D9E-4B10-9488-4087B85AE925} = {8B290487-4C16-E85E-E807-F579CBE9FC4D}
		{22BAF98C-8415-17C4-B26A-D537657BC863} = {827E0CD3-B72D-47B6-A68D-7590B98EB39B}
		{FEC2DC1B-FC8D-4B7C-8935-38AA8A3EA8C6} = {22BAF98C-8415-17C4-B26A-D537657BC863}
		{9048EB7F-3875-A59E-E36B-5BD4C6F2A282} = {827E0CD3-B72D-47B6-A68D-7590B98EB39B}
		{DE157543-08BC-4EEF-8800-A4872DA793EC} = {9048EB7F-3875-A59E-E36B-5BD4C6F2A282}
		{0C88F17D-ED48-7959-C736-E987E2461F79} = {827E0CD3-B72D-47B6-A68D-7590B98EB39B}
		{FACDED02-E915-4F95-B9DC-F3C2516C7D21} = {0C88F17D-ED48-7959-C736-E987E2461F79}
		{A87B1754-3EB5-724E-0E83-3AF0FCA3FC90} = {827E0CD3-B72D-47B6-A68D-7590B98EB39B}
		{B1196D9B-9609-4432-8E94-56F63BAEEBBC} = {A87B1754-3EB5-724E-0E83-3AF0FCA3FC90}
		{2E9F0B7B-B95B-3B99-6C0A-0191EF7FCFD5} = {827E0CD3-B72D-47B6-A68D-7590B98EB39B}
		{861C1D39-247D-481E-A6AB-43D528E94982} = {2E9F0B7B-B95B-3B99-6C0A-0191EF7FCFD5}
		{2FC44C51-A911-D4EE-1355-628051578DA6} = {827E0CD3-B72D-47B6-A68D-7590B98EB39B}
		{9244EFD5-0A32-4F27-93BF-F9A14244D7CE} = {2FC44C51-A911-D4EE-1355-628051578DA6}
		{0F701B90-1453-4D94-826D-FDE4907C35AF} = {0AB3BF05-4346-4AA6-1389-037BE0695223}
		{1D3823B5-AE0C-4378-801F-48C8A0199B1A} = {0AB3BF05-4346-4AA6-1389-037BE0695223}
		{A4561464-9728-41B1-BDA0-8F03A7BB9D76} = {0AB3BF05-4346-4AA6-1389-037BE0695223}
		{450E0622-BD54-4E79-ACF4-DFF6E86286D4} = {0AB3BF05-4346-4AA6-1389-037BE0695223}
	EndGlobalSection
EndGlobal
